// !$*UTF8*$!
{
	archiveVersion = 1;
	classes = {
	};
	objectVersion = 50;
	objects = {

/* Begin PBXBuildFile section */
		42E0751D2448F01800BF5C49 /* HomeViewController.swift in Sources */ = {isa = PBXBuildFile; fileRef = 42E0751C2448F01800BF5C49 /* HomeViewController.swift */; };
		42E075312449523B00BF5C49 /* Poppins-Regular.ttf in Resources */ = {isa = PBXBuildFile; fileRef = 42E07528244951FC00BF5C49 /* Poppins-Regular.ttf */; };
		42E075332449571E00BF5C49 /* FridgeCellTableViewCell.swift in Sources */ = {isa = PBXBuildFile; fileRef = 42E075322449571E00BF5C49 /* FridgeCellTableViewCell.swift */; };
		42E07535244A1F5000BF5C49 /* FoodItem.swift in Sources */ = {isa = PBXBuildFile; fileRef = 42E07534244A1F5000BF5C49 /* FoodItem.swift */; };
		42E07537244A69FC00BF5C49 /* AddFoodItemViewController.swift in Sources */ = {isa = PBXBuildFile; fileRef = 42E07536244A69FC00BF5C49 /* AddFoodItemViewController.swift */; };
		42E07539244AB8B200BF5C49 /* FoodItemCollection.swift in Sources */ = {isa = PBXBuildFile; fileRef = 42E07538244AB8B200BF5C49 /* FoodItemCollection.swift */; };
		42E0753C244ABBD300BF5C49 /* SharingFoodCollection.swift in Sources */ = {isa = PBXBuildFile; fileRef = 42E0753B244ABBD300BF5C49 /* SharingFoodCollection.swift */; };
		42FA9DEA244796CA00C871D3 /* AppDelegate.swift in Sources */ = {isa = PBXBuildFile; fileRef = 42FA9DE9244796CA00C871D3 /* AppDelegate.swift */; };
		42FA9DEC244796CA00C871D3 /* SceneDelegate.swift in Sources */ = {isa = PBXBuildFile; fileRef = 42FA9DEB244796CA00C871D3 /* SceneDelegate.swift */; };
		42FA9DEE244796CA00C871D3 /* StartViewController.swift in Sources */ = {isa = PBXBuildFile; fileRef = 42FA9DED244796CA00C871D3 /* StartViewController.swift */; };
		42FA9DF1244796CA00C871D3 /* Main.storyboard in Resources */ = {isa = PBXBuildFile; fileRef = 42FA9DEF244796CA00C871D3 /* Main.storyboard */; };
		42FA9DF3244796DA00C871D3 /* Assets.xcassets in Resources */ = {isa = PBXBuildFile; fileRef = 42FA9DF2244796DA00C871D3 /* Assets.xcassets */; };
		42FA9DF6244796DA00C871D3 /* LaunchScreen.storyboard in Resources */ = {isa = PBXBuildFile; fileRef = 42FA9DF4244796DA00C871D3 /* LaunchScreen.storyboard */; };
		42FA9E002447E29200C871D3 /* LoginViewController.swift in Sources */ = {isa = PBXBuildFile; fileRef = 42FA9DFF2447E29200C871D3 /* LoginViewController.swift */; };
		42FA9E022447E4B500C871D3 /* SignUpViewController.swift in Sources */ = {isa = PBXBuildFile; fileRef = 42FA9E012447E4B500C871D3 /* SignUpViewController.swift */; };
/* End PBXBuildFile section */

/* Begin PBXFileReference section */
		42E0751C2448F01800BF5C49 /* HomeViewController.swift */ = {isa = PBXFileReference; lastKnownFileType = sourcecode.swift; path = HomeViewController.swift; sourceTree = "<group>"; };
		42E0751F244951FB00BF5C49 /* Poppins-Bold.ttf */ = {isa = PBXFileReference; lastKnownFileType = file; path = "Poppins-Bold.ttf"; sourceTree = "<group>"; };
		42E07520244951FB00BF5C49 /* Poppins-BoldItalic.ttf */ = {isa = PBXFileReference; lastKnownFileType = file; path = "Poppins-BoldItalic.ttf"; sourceTree = "<group>"; };
		42E07521244951FB00BF5C49 /* Poppins-SemiBoldItalic.ttf */ = {isa = PBXFileReference; lastKnownFileType = file; path = "Poppins-SemiBoldItalic.ttf"; sourceTree = "<group>"; };
		42E07522244951FB00BF5C49 /* Poppins-BlackItalic.ttf */ = {isa = PBXFileReference; lastKnownFileType = file; path = "Poppins-BlackItalic.ttf"; sourceTree = "<group>"; };
		42E07523244951FB00BF5C49 /* Poppins-ExtraLight.ttf */ = {isa = PBXFileReference; lastKnownFileType = file; path = "Poppins-ExtraLight.ttf"; sourceTree = "<group>"; };
		42E07524244951FB00BF5C49 /* Poppins-Thin.ttf */ = {isa = PBXFileReference; lastKnownFileType = file; path = "Poppins-Thin.ttf"; sourceTree = "<group>"; };
		42E07525244951FB00BF5C49 /* Poppins-Italic.ttf */ = {isa = PBXFileReference; lastKnownFileType = file; path = "Poppins-Italic.ttf"; sourceTree = "<group>"; };
		42E07526244951FC00BF5C49 /* Poppins-LightItalic.ttf */ = {isa = PBXFileReference; lastKnownFileType = file; path = "Poppins-LightItalic.ttf"; sourceTree = "<group>"; };
		42E07527244951FC00BF5C49 /* Poppins-ExtraLightItalic.ttf */ = {isa = PBXFileReference; lastKnownFileType = file; path = "Poppins-ExtraLightItalic.ttf"; sourceTree = "<group>"; };
		42E07528244951FC00BF5C49 /* Poppins-Regular.ttf */ = {isa = PBXFileReference; lastKnownFileType = file; path = "Poppins-Regular.ttf"; sourceTree = "<group>"; };
		42E07529244951FC00BF5C49 /* Poppins-Light.ttf */ = {isa = PBXFileReference; lastKnownFileType = file; path = "Poppins-Light.ttf"; sourceTree = "<group>"; };
		42E0752A244951FC00BF5C49 /* Poppins-ExtraBold.ttf */ = {isa = PBXFileReference; lastKnownFileType = file; path = "Poppins-ExtraBold.ttf"; sourceTree = "<group>"; };
		42E0752B244951FC00BF5C49 /* Poppins-ExtraBoldItalic.ttf */ = {isa = PBXFileReference; lastKnownFileType = file; path = "Poppins-ExtraBoldItalic.ttf"; sourceTree = "<group>"; };
		42E0752C244951FC00BF5C49 /* Poppins-SemiBold.ttf */ = {isa = PBXFileReference; lastKnownFileType = file; path = "Poppins-SemiBold.ttf"; sourceTree = "<group>"; };
		42E0752D244951FC00BF5C49 /* Poppins-ThinItalic.ttf */ = {isa = PBXFileReference; lastKnownFileType = file; path = "Poppins-ThinItalic.ttf"; sourceTree = "<group>"; };
		42E0752E244951FC00BF5C49 /* Poppins-MediumItalic.ttf */ = {isa = PBXFileReference; lastKnownFileType = file; path = "Poppins-MediumItalic.ttf"; sourceTree = "<group>"; };
		42E0752F244951FC00BF5C49 /* Poppins-Medium.ttf */ = {isa = PBXFileReference; lastKnownFileType = file; path = "Poppins-Medium.ttf"; sourceTree = "<group>"; };
		42E07530244951FD00BF5C49 /* Poppins-Black.ttf */ = {isa = PBXFileReference; lastKnownFileType = file; path = "Poppins-Black.ttf"; sourceTree = "<group>"; };
		42E075322449571E00BF5C49 /* FridgeCellTableViewCell.swift */ = {isa = PBXFileReference; lastKnownFileType = sourcecode.swift; path = FridgeCellTableViewCell.swift; sourceTree = "<group>"; };
		42E07534244A1F5000BF5C49 /* FoodItem.swift */ = {isa = PBXFileReference; lastKnownFileType = sourcecode.swift; path = FoodItem.swift; sourceTree = "<group>"; };
		42E07536244A69FC00BF5C49 /* AddFoodItemViewController.swift */ = {isa = PBXFileReference; lastKnownFileType = sourcecode.swift; path = AddFoodItemViewController.swift; sourceTree = "<group>"; };
		42E07538244AB8B200BF5C49 /* FoodItemCollection.swift */ = {isa = PBXFileReference; lastKnownFileType = sourcecode.swift; path = FoodItemCollection.swift; sourceTree = "<group>"; };
		42E0753B244ABBD300BF5C49 /* SharingFoodCollection.swift */ = {isa = PBXFileReference; lastKnownFileType = sourcecode.swift; path = SharingFoodCollection.swift; sourceTree = "<group>"; };
		42FA9DE6244796CA00C871D3 /* iFridge.app */ = {isa = PBXFileReference; explicitFileType = wrapper.application; includeInIndex = 0; path = iFridge.app; sourceTree = BUILT_PRODUCTS_DIR; };
		42FA9DE9244796CA00C871D3 /* AppDelegate.swift */ = {isa = PBXFileReference; lastKnownFileType = sourcecode.swift; path = AppDelegate.swift; sourceTree = "<group>"; };
		42FA9DEB244796CA00C871D3 /* SceneDelegate.swift */ = {isa = PBXFileReference; lastKnownFileType = sourcecode.swift; path = SceneDelegate.swift; sourceTree = "<group>"; };
		42FA9DED244796CA00C871D3 /* StartViewController.swift */ = {isa = PBXFileReference; lastKnownFileType = sourcecode.swift; path = StartViewController.swift; sourceTree = "<group>"; };
		42FA9DF0244796CA00C871D3 /* Base */ = {isa = PBXFileReference; lastKnownFileType = file.storyboard; name = Base; path = Base.lproj/Main.storyboard; sourceTree = "<group>"; };
		42FA9DF2244796DA00C871D3 /* Assets.xcassets */ = {isa = PBXFileReference; lastKnownFileType = folder.assetcatalog; path = Assets.xcassets; sourceTree = "<group>"; };
		42FA9DF5244796DA00C871D3 /* Base */ = {isa = PBXFileReference; lastKnownFileType = file.storyboard; name = Base; path = Base.lproj/LaunchScreen.storyboard; sourceTree = "<group>"; };
		42FA9DF7244796DA00C871D3 /* Info.plist */ = {isa = PBXFileReference; lastKnownFileType = text.plist.xml; path = Info.plist; sourceTree = "<group>"; };
		42FA9DFF2447E29200C871D3 /* LoginViewController.swift */ = {isa = PBXFileReference; lastKnownFileType = sourcecode.swift; path = LoginViewController.swift; sourceTree = "<group>"; };
		42FA9E012447E4B500C871D3 /* SignUpViewController.swift */ = {isa = PBXFileReference; lastKnownFileType = sourcecode.swift; path = SignUpViewController.swift; sourceTree = "<group>"; };
/* End PBXFileReference section */

/* Begin PBXFrameworksBuildPhase section */
		42FA9DE3244796CA00C871D3 /* Frameworks */ = {
			isa = PBXFrameworksBuildPhase;
			buildActionMask = 2147483647;
			files = (
			);
			runOnlyForDeploymentPostprocessing = 0;
		};
/* End PBXFrameworksBuildPhase section */

/* Begin PBXGroup section */
		42E0751E244951C900BF5C49 /* Fonts */ = {
			isa = PBXGroup;
			children = (
				42E07530244951FD00BF5C49 /* Poppins-Black.ttf */,
				42E07522244951FB00BF5C49 /* Poppins-BlackItalic.ttf */,
				42E0751F244951FB00BF5C49 /* Poppins-Bold.ttf */,
				42E07520244951FB00BF5C49 /* Poppins-BoldItalic.ttf */,
				42E0752A244951FC00BF5C49 /* Poppins-ExtraBold.ttf */,
				42E0752B244951FC00BF5C49 /* Poppins-ExtraBoldItalic.ttf */,
				42E07523244951FB00BF5C49 /* Poppins-ExtraLight.ttf */,
				42E07527244951FC00BF5C49 /* Poppins-ExtraLightItalic.ttf */,
				42E07525244951FB00BF5C49 /* Poppins-Italic.ttf */,
				42E07529244951FC00BF5C49 /* Poppins-Light.ttf */,
				42E07526244951FC00BF5C49 /* Poppins-LightItalic.ttf */,
				42E0752F244951FC00BF5C49 /* Poppins-Medium.ttf */,
				42E0752E244951FC00BF5C49 /* Poppins-MediumItalic.ttf */,
				42E07528244951FC00BF5C49 /* Poppins-Regular.ttf */,
				42E0752C244951FC00BF5C49 /* Poppins-SemiBold.ttf */,
				42E07521244951FB00BF5C49 /* Poppins-SemiBoldItalic.ttf */,
				42E07524244951FB00BF5C49 /* Poppins-Thin.ttf */,
				42E0752D244951FC00BF5C49 /* Poppins-ThinItalic.ttf */,
			);
			path = Fonts;
			sourceTree = "<group>";
		};
		42E0753A244ABB1000BF5C49 /* Food Item Files  */ = {
			isa = PBXGroup;
			children = (
				42E07534244A1F5000BF5C49 /* FoodItem.swift */,
				42E07538244AB8B200BF5C49 /* FoodItemCollection.swift */,
				42E0753B244ABBD300BF5C49 /* SharingFoodCollection.swift */,
			);
			path = "Food Item Files ";
			sourceTree = "<group>";
		};
		42E0753E244ABC9300BF5C49 /* Homepage View Controllers */ = {
			isa = PBXGroup;
			children = (
				42E0751C2448F01800BF5C49 /* HomeViewController.swift */,
				42E07536244A69FC00BF5C49 /* AddFoodItemViewController.swift */,
				42E075322449571E00BF5C49 /* FridgeCellTableViewCell.swift */,
			);
			path = "Homepage View Controllers";
			sourceTree = "<group>";
		};
		42E0753F244ABCDB00BF5C49 /* Login View Controllers */ = {
			isa = PBXGroup;
			children = (
				42FA9DED244796CA00C871D3 /* StartViewController.swift */,
				42FA9DFF2447E29200C871D3 /* LoginViewController.swift */,
				42FA9E012447E4B500C871D3 /* SignUpViewController.swift */,
			);
			path = "Login View Controllers";
			sourceTree = "<group>";
		};
		42FA9DDD244796CA00C871D3 = {
			isa = PBXGroup;
			children = (
				42FA9DE8244796CA00C871D3 /* iFridge */,
				42FA9DE7244796CA00C871D3 /* Products */,
			);
			sourceTree = "<group>";
		};
		42FA9DE7244796CA00C871D3 /* Products */ = {
			isa = PBXGroup;
			children = (
				42FA9DE6244796CA00C871D3 /* iFridge.app */,
			);
			name = Products;
			sourceTree = "<group>";
		};
		42FA9DE8244796CA00C871D3 /* iFridge */ = {
			isa = PBXGroup;
			children = (
				42FA9DE9244796CA00C871D3 /* AppDelegate.swift */,
				42FA9DEB244796CA00C871D3 /* SceneDelegate.swift */,
				42E0753F244ABCDB00BF5C49 /* Login View Controllers */,
				42E0753E244ABC9300BF5C49 /* Homepage View Controllers */,
				42E0753A244ABB1000BF5C49 /* Food Item Files  */,
				42FA9DEF244796CA00C871D3 /* Main.storyboard */,
				42FA9DF2244796DA00C871D3 /* Assets.xcassets */,
				42E0751E244951C900BF5C49 /* Fonts */,
				42FA9DF4244796DA00C871D3 /* LaunchScreen.storyboard */,
				42FA9DF7244796DA00C871D3 /* Info.plist */,
			);
			path = iFridge;
			sourceTree = "<group>";
		};
/* End PBXGroup section */

/* Begin PBXNativeTarget section */
		42FA9DE5244796CA00C871D3 /* iFridge */ = {
			isa = PBXNativeTarget;
			buildConfigurationList = 42FA9DFA244796DA00C871D3 /* Build configuration list for PBXNativeTarget "iFridge" */;
			buildPhases = (
				42FA9DE2244796CA00C871D3 /* Sources */,
				42FA9DE3244796CA00C871D3 /* Frameworks */,
				42FA9DE4244796CA00C871D3 /* Resources */,
			);
			buildRules = (
			);
			dependencies = (
			);
			name = iFridge;
			productName = iFridge;
			productReference = 42FA9DE6244796CA00C871D3 /* iFridge.app */;
			productType = "com.apple.product-type.application";
		};
/* End PBXNativeTarget section */

/* Begin PBXProject section */
		42FA9DDE244796CA00C871D3 /* Project object */ = {
			isa = PBXProject;
			attributes = {
				LastSwiftUpdateCheck = 1130;
				LastUpgradeCheck = 1130;
				ORGANIZATIONNAME = "CP469-ShivaniAndJacob";
				TargetAttributes = {
					42FA9DE5244796CA00C871D3 = {
						CreatedOnToolsVersion = 11.3.1;
					};
				};
			};
			buildConfigurationList = 42FA9DE1244796CA00C871D3 /* Build configuration list for PBXProject "iFridge" */;
			compatibilityVersion = "Xcode 9.3";
			developmentRegion = en;
			hasScannedForEncodings = 0;
			knownRegions = (
				en,
				Base,
			);
			mainGroup = 42FA9DDD244796CA00C871D3;
			productRefGroup = 42FA9DE7244796CA00C871D3 /* Products */;
			projectDirPath = "";
			projectRoot = "";
			targets = (
				42FA9DE5244796CA00C871D3 /* iFridge */,
			);
		};
/* End PBXProject section */

/* Begin PBXResourcesBuildPhase section */
		42FA9DE4244796CA00C871D3 /* Resources */ = {
			isa = PBXResourcesBuildPhase;
			buildActionMask = 2147483647;
			files = (
				42FA9DF6244796DA00C871D3 /* LaunchScreen.storyboard in Resources */,
				42FA9DF3244796DA00C871D3 /* Assets.xcassets in Resources */,
				42FA9DF1244796CA00C871D3 /* Main.storyboard in Resources */,
				42E075312449523B00BF5C49 /* Poppins-Regular.ttf in Resources */,
			);
			runOnlyForDeploymentPostprocessing = 0;
		};
/* End PBXResourcesBuildPhase section */

/* Begin PBXSourcesBuildPhase section */
		42FA9DE2244796CA00C871D3 /* Sources */ = {
			isa = PBXSourcesBuildPhase;
			buildActionMask = 2147483647;
			files = (
				42E07535244A1F5000BF5C49 /* FoodItem.swift in Sources */,
				42FA9E002447E29200C871D3 /* LoginViewController.swift in Sources */,
				42E07539244AB8B200BF5C49 /* FoodItemCollection.swift in Sources */,
				42FA9DEE244796CA00C871D3 /* StartViewController.swift in Sources */,
				42E0753C244ABBD300BF5C49 /* SharingFoodCollection.swift in Sources */,
				42FA9DEA244796CA00C871D3 /* AppDelegate.swift in Sources */,
				42FA9DEC244796CA00C871D3 /* SceneDelegate.swift in Sources */,
				42FA9E022447E4B500C871D3 /* SignUpViewController.swift in Sources */,
				42E075332449571E00BF5C49 /* FridgeCellTableViewCell.swift in Sources */,
				42E0751D2448F01800BF5C49 /* HomeViewController.swift in Sources */,
				42E07537244A69FC00BF5C49 /* AddFoodItemViewController.swift in Sources */,
			);
			runOnlyForDeploymentPostprocessing = 0;
		};
/* End PBXSourcesBuildPhase section */

/* Begin PBXVariantGroup section */
		42FA9DEF244796CA00C871D3 /* Main.storyboard */ = {
			isa = PBXVariantGroup;
			children = (
				42FA9DF0244796CA00C871D3 /* Base */,
			);
			name = Main.storyboard;
			sourceTree = "<group>";
		};
		42FA9DF4244796DA00C871D3 /* LaunchScreen.storyboard */ = {
			isa = PBXVariantGroup;
			children = (
				42FA9DF5244796DA00C871D3 /* Base */,
			);
			name = LaunchScreen.storyboard;
			sourceTree = "<group>";
		};
/* End PBXVariantGroup section */

/* Begin XCBuildConfiguration section */
		42FA9DF8244796DA00C871D3 /* Debug */ = {
			isa = XCBuildConfiguration;
			buildSettings = {
				ALWAYS_SEARCH_USER_PATHS = NO;
				CLANG_ANALYZER_NONNULL = YES;
				CLANG_ANALYZER_NUMBER_OBJECT_CONVERSION = YES_AGGRESSIVE;
				CLANG_CXX_LANGUAGE_STANDARD = "gnu++14";
				CLANG_CXX_LIBRARY = "libc++";
				CLANG_ENABLE_MODULES = YES;
				CLANG_ENABLE_OBJC_ARC = YES;
				CLANG_ENABLE_OBJC_WEAK = YES;
				CLANG_WARN_BLOCK_CAPTURE_AUTORELEASING = YES;
				CLANG_WARN_BOOL_CONVERSION = YES;
				CLANG_WARN_COMMA = YES;
				CLANG_WARN_CONSTANT_CONVERSION = YES;
				CLANG_WARN_DEPRECATED_OBJC_IMPLEMENTATIONS = YES;
				CLANG_WARN_DIRECT_OBJC_ISA_USAGE = YES_ERROR;
				CLANG_WARN_DOCUMENTATION_COMMENTS = YES;
				CLANG_WARN_EMPTY_BODY = YES;
				CLANG_WARN_ENUM_CONVERSION = YES;
				CLANG_WARN_INFINITE_RECURSION = YES;
				CLANG_WARN_INT_CONVERSION = YES;
				CLANG_WARN_NON_LITERAL_NULL_CONVERSION = YES;
				CLANG_WARN_OBJC_IMPLICIT_RETAIN_SELF = YES;
				CLANG_WARN_OBJC_LITERAL_CONVERSION = YES;
				CLANG_WARN_OBJC_ROOT_CLASS = YES_ERROR;
				CLANG_WARN_RANGE_LOOP_ANALYSIS = YES;
				CLANG_WARN_STRICT_PROTOTYPES = YES;
				CLANG_WARN_SUSPICIOUS_MOVE = YES;
				CLANG_WARN_UNGUARDED_AVAILABILITY = YES_AGGRESSIVE;
				CLANG_WARN_UNREACHABLE_CODE = YES;
				CLANG_WARN__DUPLICATE_METHOD_MATCH = YES;
				COPY_PHASE_STRIP = NO;
				DEBUG_INFORMATION_FORMAT = dwarf;
				ENABLE_STRICT_OBJC_MSGSEND = YES;
				ENABLE_TESTABILITY = YES;
				GCC_C_LANGUAGE_STANDARD = gnu11;
				GCC_DYNAMIC_NO_PIC = NO;
				GCC_NO_COMMON_BLOCKS = YES;
				GCC_OPTIMIZATION_LEVEL = 0;
				GCC_PREPROCESSOR_DEFINITIONS = (
					"DEBUG=1",
					"$(inherited)",
				);
				GCC_WARN_64_TO_32_BIT_CONVERSION = YES;
				GCC_WARN_ABOUT_RETURN_TYPE = YES_ERROR;
				GCC_WARN_UNDECLARED_SELECTOR = YES;
				GCC_WARN_UNINITIALIZED_AUTOS = YES_AGGRESSIVE;
				GCC_WARN_UNUSED_FUNCTION = YES;
				GCC_WARN_UNUSED_VARIABLE = YES;
				IPHONEOS_DEPLOYMENT_TARGET = 13.2;
				MTL_ENABLE_DEBUG_INFO = INCLUDE_SOURCE;
				MTL_FAST_MATH = YES;
				ONLY_ACTIVE_ARCH = YES;
				SDKROOT = iphoneos;
				SWIFT_ACTIVE_COMPILATION_CONDITIONS = DEBUG;
				SWIFT_OPTIMIZATION_LEVEL = "-Onone";
			};
			name = Debug;
		};
		42FA9DF9244796DA00C871D3 /* Release */ = {
			isa = XCBuildConfiguration;
			buildSettings = {
				ALWAYS_SEARCH_USER_PATHS = NO;
				CLANG_ANALYZER_NONNULL = YES;
				CLANG_ANALYZER_NUMBER_OBJECT_CONVERSION = YES_AGGRESSIVE;
				CLANG_CXX_LANGUAGE_STANDARD = "gnu++14";
				CLANG_CXX_LIBRARY = "libc++";
				CLANG_ENABLE_MODULES = YES;
				CLANG_ENABLE_OBJC_ARC = YES;
				CLANG_ENABLE_OBJC_WEAK = YES;
				CLANG_WARN_BLOCK_CAPTURE_AUTORELEASING = YES;
				CLANG_WARN_BOOL_CONVERSION = YES;
				CLANG_WARN_COMMA = YES;
				CLANG_WARN_CONSTANT_CONVERSION = YES;
				CLANG_WARN_DEPRECATED_OBJC_IMPLEMENTATIONS = YES;
				CLANG_WARN_DIRECT_OBJC_ISA_USAGE = YES_ERROR;
				CLANG_WARN_DOCUMENTATION_COMMENTS = YES;
				CLANG_WARN_EMPTY_BODY = YES;
				CLANG_WARN_ENUM_CONVERSION = YES;
				CLANG_WARN_INFINITE_RECURSION = YES;
				CLANG_WARN_INT_CONVERSION = YES;
				CLANG_WARN_NON_LITERAL_NULL_CONVERSION = YES;
				CLANG_WARN_OBJC_IMPLICIT_RETAIN_SELF = YES;
				CLANG_WARN_OBJC_LITERAL_CONVERSION = YES;
				CLANG_WARN_OBJC_ROOT_CLASS = YES_ERROR;
				CLANG_WARN_RANGE_LOOP_ANALYSIS = YES;
				CLANG_WARN_STRICT_PROTOTYPES = YES;
				CLANG_WARN_SUSPICIOUS_MOVE = YES;
				CLANG_WARN_UNGUARDED_AVAILABILITY = YES_AGGRESSIVE;
				CLANG_WARN_UNREACHABLE_CODE = YES;
				CLANG_WARN__DUPLICATE_METHOD_MATCH = YES;
				COPY_PHASE_STRIP = NO;
				DEBUG_INFORMATION_FORMAT = "dwarf-with-dsym";
				ENABLE_NS_ASSERTIONS = NO;
				ENABLE_STRICT_OBJC_MSGSEND = YES;
				GCC_C_LANGUAGE_STANDARD = gnu11;
				GCC_NO_COMMON_BLOCKS = YES;
				GCC_WARN_64_TO_32_BIT_CONVERSION = YES;
				GCC_WARN_ABOUT_RETURN_TYPE = YES_ERROR;
				GCC_WARN_UNDECLARED_SELECTOR = YES;
				GCC_WARN_UNINITIALIZED_AUTOS = YES_AGGRESSIVE;
				GCC_WARN_UNUSED_FUNCTION = YES;
				GCC_WARN_UNUSED_VARIABLE = YES;
				IPHONEOS_DEPLOYMENT_TARGET = 13.2;
				MTL_ENABLE_DEBUG_INFO = NO;
				MTL_FAST_MATH = YES;
				SDKROOT = iphoneos;
				SWIFT_COMPILATION_MODE = wholemodule;
				SWIFT_OPTIMIZATION_LEVEL = "-O";
				VALIDATE_PRODUCT = YES;
			};
			name = Release;
		};
		42FA9DFB244796DA00C871D3 /* Debug */ = {
			isa = XCBuildConfiguration;
			buildSettings = {
				ASSETCATALOG_COMPILER_APPICON_NAME = AppIcon;
				CODE_SIGN_STYLE = Automatic;
				INFOPLIST_FILE = iFridge/Info.plist;
				LD_RUNPATH_SEARCH_PATHS = (
					"$(inherited)",
					"@executable_path/Frameworks",
				);
				PRODUCT_BUNDLE_IDENTIFIER = wlu.iFridge;
				PRODUCT_NAME = "$(TARGET_NAME)";
				SWIFT_VERSION = 5.0;
				TARGETED_DEVICE_FAMILY = "1,2";
			};
			name = Debug;
		};
		42FA9DFC244796DA00C871D3 /* Release */ = {
			isa = XCBuildConfiguration;
			buildSettings = {
				ASSETCATALOG_COMPILER_APPICON_NAME = AppIcon;
				CODE_SIGN_STYLE = Automatic;
				INFOPLIST_FILE = iFridge/Info.plist;
				LD_RUNPATH_SEARCH_PATHS = (
					"$(inherited)",
					"@executable_path/Frameworks",
				);
				PRODUCT_BUNDLE_IDENTIFIER = wlu.iFridge;
				PRODUCT_NAME = "$(TARGET_NAME)";
				SWIFT_VERSION = 5.0;
				TARGETED_DEVICE_FAMILY = "1,2";
			};
			name = Release;
		};
/* End XCBuildConfiguration section */

/* Begin XCConfigurationList section */
		42FA9DE1244796CA00C871D3 /* Build configuration list for PBXProject "iFridge" */ = {
			isa = XCConfigurationList;
			buildConfigurations = (
				42FA9DF8244796DA00C871D3 /* Debug */,
				42FA9DF9244796DA00C871D3 /* Release */,
			);
			defaultConfigurationIsVisible = 0;
			defaultConfigurationName = Release;
		};
		42FA9DFA244796DA00C871D3 /* Build configuration list for PBXNativeTarget "iFridge" */ = {
			isa = XCConfigurationList;
			buildConfigurations = (
				42FA9DFB244796DA00C871D3 /* Debug */,
				42FA9DFC244796DA00C871D3 /* Release */,
			);
			defaultConfigurationIsVisible = 0;
			defaultConfigurationName = Release;
		};
/* End XCConfigurationList section */
	};
	rootObject = 42FA9DDE244796CA00C871D3 /* Project object */;
}
